
Microsoft Visual Studio Solution File, Format Version 12.00
# Visual Studio Version 17
VisualStudioVersion = 17.3.32811.315
MinimumVisualStudioVersion = 10.0.40219.1
Project("{FAE04EC0-301F-11D3-BF4B-00C04F79EFBC}") = "Cookie Clicker 3", "Cookie Clicker 3.csproj", "{FFE3399C-0C2B-4227-B7FF-3FC1F745B066}"
EndProject
Global
	GlobalSection(SolutionConfigurationPlatforms) = preSolution
		Debug|Any CPU = Debug|Any CPU
		Release|Any CPU = Release|Any CPU
	EndGlobalSection
	GlobalSection(ProjectConfigurationPlatforms) = postSolution
		{FFE3399C-0C2B-4227-B7FF-3FC1F745B066}.Debug|Any CPU.ActiveCfg = Debug|Any CPU
		{FFE3399C-0C2B-4227-B7FF-3FC1F745B066}.Debug|Any CPU.Build.0 = Debug|Any CPU
		{FFE3399C-0C2B-4227-B7FF-3FC1F745B066}.Release|Any CPU.ActiveCfg = Release|Any CPU
		{FFE3399C-0C2B-4227-B7FF-3FC1F745B066}.Release|Any CPU.Build.0 = Release|Any CPU
	EndGlobalSection
	GlobalSection(SolutionProperties) = preSolution
		HideSolutionNode = FALSE
	EndGlobalSection
	GlobalSection(ExtensibilityGlobals) = postSolution
		SolutionGuid = {0280CDB5-0F17-4F05-BABA-923F1B21BD81}
	EndGlobalSection
EndGlobal
